// !$*UTF8*$!
{
	archiveVersion = 1;
	classes = {
	};
	objectVersion = 50;
	objects = {

/* Begin PBXBuildFile section */
		4B076B0EA67779D69F1676E8 /* Pods_PicsLock.framework in Frameworks */ = {isa = PBXBuildFile; fileRef = 6D2AC95F25921397A6C14385 /* Pods_PicsLock.framework */; };
		5EA1C007CF3FCC3F6671D1E8 /* Images.xcassets in Resources */ = {isa = PBXBuildFile; fileRef = 5EA1C7928DEBD6716CC19B1B /* Images.xcassets */; };
		5EA1C1EB775B4B3FF22C29DB /* AlbumsViewController.swift in Sources */ = {isa = PBXBuildFile; fileRef = 5EA1CE885AAC5651DE05F8E2 /* AlbumsViewController.swift */; };
		5EA1C1F010C69750F2A6E973 /* InputField.swift in Sources */ = {isa = PBXBuildFile; fileRef = 5EA1CDEE68145A02CB704C40 /* InputField.swift */; };
		5EA1C20349E73A70AB1C3519 /* Color.swift in Sources */ = {isa = PBXBuildFile; fileRef = 5EA1CE00AA04D7335F4635E1 /* Color.swift */; };
		5EA1C3AF73959DE6F77A9A67 /* Font.swift in Sources */ = {isa = PBXBuildFile; fileRef = 5EA1C47A779452A1A87A90D5 /* Font.swift */; };
		5EA1C4962BCBB4F8403EB312 /* Folder.swift in Sources */ = {isa = PBXBuildFile; fileRef = 5EA1C6CC8D4D295B72729B27 /* Folder.swift */; };
		5EA1C5F590A8BC55CE5F83E3 /* FilesCollectionViewCell.swift in Sources */ = {isa = PBXBuildFile; fileRef = 5EA1C2C489D0975BBFC3EFBA /* FilesCollectionViewCell.swift */; };
		5EA1C6A2C5D8C900B046394E /* FileService.swift in Sources */ = {isa = PBXBuildFile; fileRef = 5EA1CE4B9C00B95DE5E16999 /* FileService.swift */; };
		5EA1C7091B840ACBD7F77C94 /* SetPasscodeView.swift in Sources */ = {isa = PBXBuildFile; fileRef = 5EA1C657D813E9907FB7DB7A /* SetPasscodeView.swift */; };
		5EA1C798993BDA5611DD6318 /* Assets.xcassets in Resources */ = {isa = PBXBuildFile; fileRef = 5EA1C041490F6524A4137130 /* Assets.xcassets */; };
		5EA1C81B83C5996F2BF4D308 /* AlbumsCollectionViewCell.swift in Sources */ = {isa = PBXBuildFile; fileRef = 5EA1C37C08EA671CB033C8B2 /* AlbumsCollectionViewCell.swift */; };
		5EA1C9ED782656E3EE239C23 /* LoginDelegate.swift in Sources */ = {isa = PBXBuildFile; fileRef = 5EA1CB7772FBC3DD2DDCE7C1 /* LoginDelegate.swift */; };
		5EA1CB093C8D058F7FD22F09 /* File.swift in Sources */ = {isa = PBXBuildFile; fileRef = 5EA1C72C315A99B79FEFF5B2 /* File.swift */; };
		5EA1CB14D7C62792BCD7212E /* AppDelegate.swift in Sources */ = {isa = PBXBuildFile; fileRef = 5EA1C1A2A8EC6688BB37A6ED /* AppDelegate.swift */; };
		5EA1CC35F1A3D2971A321A5E /* FilesViewController.swift in Sources */ = {isa = PBXBuildFile; fileRef = 5EA1CA0185A5ED285F360EBF /* FilesViewController.swift */; };
		5EA1CC8C4DE19338D32A8465 /* SetPasscodeViewController.swift in Sources */ = {isa = PBXBuildFile; fileRef = 5EA1C43CC3C047F021E471FA /* SetPasscodeViewController.swift */; };
		5EA1CE692D30DC44899ECD07 /* DetailView.swift in Sources */ = {isa = PBXBuildFile; fileRef = 5EA1C746FC9A95F0C951A57C /* DetailView.swift */; };
		5EA1CE7C4AF04E7483D7B84E /* DetailViewController.swift in Sources */ = {isa = PBXBuildFile; fileRef = 5EA1CCA45139EC6AA18F0E2B /* DetailViewController.swift */; };
		5EA1CF60372C5CDB04768FB0 /* LoginViewController.swift in Sources */ = {isa = PBXBuildFile; fileRef = 5EA1CE49A0D5A6C3241422BC /* LoginViewController.swift */; };
		60016C1BC3F4FE57F2CAE15A /* Pods_PicsLockUITests.framework in Frameworks */ = {isa = PBXBuildFile; fileRef = A38BAD0E677A1BDE11A79F44 /* Pods_PicsLockUITests.framework */; };
		799EB0DA2131605100D8A757 /* PicsLockTests.swift in Sources */ = {isa = PBXBuildFile; fileRef = 799EB0D92131605100D8A757 /* PicsLockTests.swift */; };
		799EB0E52131605100D8A757 /* PicsLockUITests.swift in Sources */ = {isa = PBXBuildFile; fileRef = 799EB0E42131605100D8A757 /* PicsLockUITests.swift */; };
		799EB0F52131656100D8A757 /* AlbumsViewControllerTests.swift in Sources */ = {isa = PBXBuildFile; fileRef = 799EB0F42131656100D8A757 /* AlbumsViewControllerTests.swift */; };
		799EB0F92131841700D8A757 /* DEBUG-ContentCreator.swift in Sources */ = {isa = PBXBuildFile; fileRef = 799EB0F82131841700D8A757 /* DEBUG-ContentCreator.swift */; };
		79B02B9D21370B6E0045C6AD /* CryptoSwift.framework in Frameworks */ = {isa = PBXBuildFile; fileRef = 79B02B9C21370B6E0045C6AD /* CryptoSwift.framework */; };
		876FAC8428907CFE565D9C4F /* Pods_PicsLockTests.framework in Frameworks */ = {isa = PBXBuildFile; fileRef = 78C559A0ED8918EE3FE376BD /* Pods_PicsLockTests.framework */; };
/* End PBXBuildFile section */

/* Begin PBXContainerItemProxy section */
		799EB0D62131605100D8A757 /* PBXContainerItemProxy */ = {
			isa = PBXContainerItemProxy;
			containerPortal = 799EB0B92131604E00D8A757 /* Project object */;
			proxyType = 1;
			remoteGlobalIDString = 799EB0C02131604E00D8A757;
			remoteInfo = PicsLock;
		};
		799EB0E12131605100D8A757 /* PBXContainerItemProxy */ = {
			isa = PBXContainerItemProxy;
			containerPortal = 799EB0B92131604E00D8A757 /* Project object */;
			proxyType = 1;
			remoteGlobalIDString = 799EB0C02131604E00D8A757;
			remoteInfo = PicsLock;
		};
/* End PBXContainerItemProxy section */

/* Begin PBXFileReference section */
		5EA1C041490F6524A4137130 /* Assets.xcassets */ = {isa = PBXFileReference; lastKnownFileType = folder.assetcatalog; path = Assets.xcassets; sourceTree = "<group>"; };
		5EA1C1A2A8EC6688BB37A6ED /* AppDelegate.swift */ = {isa = PBXFileReference; fileEncoding = 4; lastKnownFileType = sourcecode.swift; path = AppDelegate.swift; sourceTree = "<group>"; };
		5EA1C2C489D0975BBFC3EFBA /* FilesCollectionViewCell.swift */ = {isa = PBXFileReference; fileEncoding = 4; lastKnownFileType = sourcecode.swift; path = FilesCollectionViewCell.swift; sourceTree = "<group>"; };
		5EA1C37C08EA671CB033C8B2 /* AlbumsCollectionViewCell.swift */ = {isa = PBXFileReference; fileEncoding = 4; lastKnownFileType = sourcecode.swift; path = AlbumsCollectionViewCell.swift; sourceTree = "<group>"; };
		5EA1C43CC3C047F021E471FA /* SetPasscodeViewController.swift */ = {isa = PBXFileReference; fileEncoding = 4; lastKnownFileType = sourcecode.swift; path = SetPasscodeViewController.swift; sourceTree = "<group>"; };
		5EA1C47A779452A1A87A90D5 /* Font.swift */ = {isa = PBXFileReference; fileEncoding = 4; lastKnownFileType = sourcecode.swift; path = Font.swift; sourceTree = "<group>"; };
		5EA1C657D813E9907FB7DB7A /* SetPasscodeView.swift */ = {isa = PBXFileReference; fileEncoding = 4; lastKnownFileType = sourcecode.swift; path = SetPasscodeView.swift; sourceTree = "<group>"; };
		5EA1C6AF55726B3D9E92F5DB /* Info.plist */ = {isa = PBXFileReference; fileEncoding = 4; lastKnownFileType = text.plist.info; path = Info.plist; sourceTree = "<group>"; };
		5EA1C6CC8D4D295B72729B27 /* Folder.swift */ = {isa = PBXFileReference; fileEncoding = 4; lastKnownFileType = sourcecode.swift; path = Folder.swift; sourceTree = "<group>"; };
		5EA1C72C315A99B79FEFF5B2 /* File.swift */ = {isa = PBXFileReference; fileEncoding = 4; lastKnownFileType = sourcecode.swift; path = File.swift; sourceTree = "<group>"; };
		5EA1C746FC9A95F0C951A57C /* DetailView.swift */ = {isa = PBXFileReference; fileEncoding = 4; lastKnownFileType = sourcecode.swift; path = DetailView.swift; sourceTree = "<group>"; };
		5EA1C7928DEBD6716CC19B1B /* Images.xcassets */ = {isa = PBXFileReference; lastKnownFileType = folder.assetcatalog; path = Images.xcassets; sourceTree = "<group>"; };
		5EA1CA0185A5ED285F360EBF /* FilesViewController.swift */ = {isa = PBXFileReference; fileEncoding = 4; lastKnownFileType = sourcecode.swift; path = FilesViewController.swift; sourceTree = "<group>"; };
		5EA1CB7772FBC3DD2DDCE7C1 /* LoginDelegate.swift */ = {isa = PBXFileReference; fileEncoding = 4; lastKnownFileType = sourcecode.swift; path = LoginDelegate.swift; sourceTree = "<group>"; };
		5EA1CCA45139EC6AA18F0E2B /* DetailViewController.swift */ = {isa = PBXFileReference; fileEncoding = 4; lastKnownFileType = sourcecode.swift; path = DetailViewController.swift; sourceTree = "<group>"; };
		5EA1CDEE68145A02CB704C40 /* InputField.swift */ = {isa = PBXFileReference; fileEncoding = 4; lastKnownFileType = sourcecode.swift; path = InputField.swift; sourceTree = "<group>"; };
		5EA1CE00AA04D7335F4635E1 /* Color.swift */ = {isa = PBXFileReference; fileEncoding = 4; lastKnownFileType = sourcecode.swift; path = Color.swift; sourceTree = "<group>"; };
		5EA1CE49A0D5A6C3241422BC /* LoginViewController.swift */ = {isa = PBXFileReference; fileEncoding = 4; lastKnownFileType = sourcecode.swift; path = LoginViewController.swift; sourceTree = "<group>"; };
		5EA1CE4B9C00B95DE5E16999 /* FileService.swift */ = {isa = PBXFileReference; fileEncoding = 4; lastKnownFileType = sourcecode.swift; path = FileService.swift; sourceTree = "<group>"; };
		5EA1CE885AAC5651DE05F8E2 /* AlbumsViewController.swift */ = {isa = PBXFileReference; fileEncoding = 4; lastKnownFileType = sourcecode.swift; path = AlbumsViewController.swift; sourceTree = "<group>"; };
		5FBDE579901C334C19CC8A73 /* Pods-PicsLockTests.release.xcconfig */ = {isa = PBXFileReference; includeInIndex = 1; lastKnownFileType = text.xcconfig; name = "Pods-PicsLockTests.release.xcconfig"; path = "Pods/Target Support Files/Pods-PicsLockTests/Pods-PicsLockTests.release.xcconfig"; sourceTree = "<group>"; };
		6D2AC95F25921397A6C14385 /* Pods_PicsLock.framework */ = {isa = PBXFileReference; explicitFileType = wrapper.framework; includeInIndex = 0; path = Pods_PicsLock.framework; sourceTree = BUILT_PRODUCTS_DIR; };
		78C559A0ED8918EE3FE376BD /* Pods_PicsLockTests.framework */ = {isa = PBXFileReference; explicitFileType = wrapper.framework; includeInIndex = 0; path = Pods_PicsLockTests.framework; sourceTree = BUILT_PRODUCTS_DIR; };
		799EB0C12131604E00D8A757 /* PicsLock.app */ = {isa = PBXFileReference; explicitFileType = wrapper.application; includeInIndex = 0; path = PicsLock.app; sourceTree = BUILT_PRODUCTS_DIR; };
		799EB0D52131605100D8A757 /* PicsLockTests.xctest */ = {isa = PBXFileReference; explicitFileType = wrapper.cfbundle; includeInIndex = 0; path = PicsLockTests.xctest; sourceTree = BUILT_PRODUCTS_DIR; };
		799EB0D92131605100D8A757 /* PicsLockTests.swift */ = {isa = PBXFileReference; lastKnownFileType = sourcecode.swift; path = PicsLockTests.swift; sourceTree = "<group>"; };
		799EB0DB2131605100D8A757 /* Info.plist */ = {isa = PBXFileReference; lastKnownFileType = text.plist.xml; path = Info.plist; sourceTree = "<group>"; };
		799EB0E02131605100D8A757 /* PicsLockUITests.xctest */ = {isa = PBXFileReference; explicitFileType = wrapper.cfbundle; includeInIndex = 0; path = PicsLockUITests.xctest; sourceTree = BUILT_PRODUCTS_DIR; };
		799EB0E42131605100D8A757 /* PicsLockUITests.swift */ = {isa = PBXFileReference; lastKnownFileType = sourcecode.swift; path = PicsLockUITests.swift; sourceTree = "<group>"; };
		799EB0E62131605100D8A757 /* Info.plist */ = {isa = PBXFileReference; lastKnownFileType = text.plist.xml; path = Info.plist; sourceTree = "<group>"; };
		799EB0F42131656100D8A757 /* AlbumsViewControllerTests.swift */ = {isa = PBXFileReference; lastKnownFileType = sourcecode.swift; path = AlbumsViewControllerTests.swift; sourceTree = "<group>"; };
		799EB0F82131841700D8A757 /* DEBUG-ContentCreator.swift */ = {isa = PBXFileReference; lastKnownFileType = sourcecode.swift; path = "DEBUG-ContentCreator.swift"; sourceTree = "<group>"; };
		79B02B9C21370B6E0045C6AD /* CryptoSwift.framework */ = {isa = PBXFileReference; explicitFileType = wrapper.framework; path = CryptoSwift.framework; sourceTree = BUILT_PRODUCTS_DIR; };
		8353A87A20C14D5099E98CEC /* Pods-PicsLockTests.debug.xcconfig */ = {isa = PBXFileReference; includeInIndex = 1; lastKnownFileType = text.xcconfig; name = "Pods-PicsLockTests.debug.xcconfig"; path = "Pods/Target Support Files/Pods-PicsLockTests/Pods-PicsLockTests.debug.xcconfig"; sourceTree = "<group>"; };
		83BAB5F4C5CE4B00B61EE209 /* Pods-PicsLock.debug.xcconfig */ = {isa = PBXFileReference; includeInIndex = 1; lastKnownFileType = text.xcconfig; name = "Pods-PicsLock.debug.xcconfig"; path = "Pods/Target Support Files/Pods-PicsLock/Pods-PicsLock.debug.xcconfig"; sourceTree = "<group>"; };
		A38BAD0E677A1BDE11A79F44 /* Pods_PicsLockUITests.framework */ = {isa = PBXFileReference; explicitFileType = wrapper.framework; includeInIndex = 0; path = Pods_PicsLockUITests.framework; sourceTree = BUILT_PRODUCTS_DIR; };
		AFC787A9E46D3E34ECA719AD /* Pods-PicsLockUITests.release.xcconfig */ = {isa = PBXFileReference; includeInIndex = 1; lastKnownFileType = text.xcconfig; name = "Pods-PicsLockUITests.release.xcconfig"; path = "Pods/Target Support Files/Pods-PicsLockUITests/Pods-PicsLockUITests.release.xcconfig"; sourceTree = "<group>"; };
		D3985881F79B4BC3E3A667AB /* Pods-PicsLockUITests.debug.xcconfig */ = {isa = PBXFileReference; includeInIndex = 1; lastKnownFileType = text.xcconfig; name = "Pods-PicsLockUITests.debug.xcconfig"; path = "Pods/Target Support Files/Pods-PicsLockUITests/Pods-PicsLockUITests.debug.xcconfig"; sourceTree = "<group>"; };
		F034B497011E9DF4C7CEEC67 /* Pods-PicsLock.release.xcconfig */ = {isa = PBXFileReference; includeInIndex = 1; lastKnownFileType = text.xcconfig; name = "Pods-PicsLock.release.xcconfig"; path = "Pods/Target Support Files/Pods-PicsLock/Pods-PicsLock.release.xcconfig"; sourceTree = "<group>"; };
/* End PBXFileReference section */

/* Begin PBXFrameworksBuildPhase section */
		799EB0BE2131604E00D8A757 /* Frameworks */ = {
			isa = PBXFrameworksBuildPhase;
			buildActionMask = 2147483647;
			files = (
				79B02B9D21370B6E0045C6AD /* CryptoSwift.framework in Frameworks */,
				4B076B0EA67779D69F1676E8 /* Pods_PicsLock.framework in Frameworks */,
			);
			runOnlyForDeploymentPostprocessing = 0;
		};
		799EB0D22131605100D8A757 /* Frameworks */ = {
			isa = PBXFrameworksBuildPhase;
			buildActionMask = 2147483647;
			files = (
				876FAC8428907CFE565D9C4F /* Pods_PicsLockTests.framework in Frameworks */,
			);
			runOnlyForDeploymentPostprocessing = 0;
		};
		799EB0DD2131605100D8A757 /* Frameworks */ = {
			isa = PBXFrameworksBuildPhase;
			buildActionMask = 2147483647;
			files = (
				60016C1BC3F4FE57F2CAE15A /* Pods_PicsLockUITests.framework in Frameworks */,
			);
			runOnlyForDeploymentPostprocessing = 0;
		};
/* End PBXFrameworksBuildPhase section */

/* Begin PBXGroup section */
		41C1B609F8094D31FD6BF91B /* Pods */ = {
			isa = PBXGroup;
			children = (
				83BAB5F4C5CE4B00B61EE209 /* Pods-PicsLock.debug.xcconfig */,
				F034B497011E9DF4C7CEEC67 /* Pods-PicsLock.release.xcconfig */,
				8353A87A20C14D5099E98CEC /* Pods-PicsLockTests.debug.xcconfig */,
				5FBDE579901C334C19CC8A73 /* Pods-PicsLockTests.release.xcconfig */,
				D3985881F79B4BC3E3A667AB /* Pods-PicsLockUITests.debug.xcconfig */,
				AFC787A9E46D3E34ECA719AD /* Pods-PicsLockUITests.release.xcconfig */,
			);
			name = Pods;
			sourceTree = "<group>";
		};
		4A69C3D3FC2F056066915D34 /* Frameworks */ = {
			isa = PBXGroup;
			children = (
				79B02B9C21370B6E0045C6AD /* CryptoSwift.framework */,
				6D2AC95F25921397A6C14385 /* Pods_PicsLock.framework */,
				78C559A0ED8918EE3FE376BD /* Pods_PicsLockTests.framework */,
				A38BAD0E677A1BDE11A79F44 /* Pods_PicsLockUITests.framework */,
			);
			name = Frameworks;
			sourceTree = "<group>";
		};
		5EA1C112F45421A37A41C9B9 /* Constants */ = {
			isa = PBXGroup;
			children = (
				5EA1CE00AA04D7335F4635E1 /* Color.swift */,
				5EA1C47A779452A1A87A90D5 /* Font.swift */,
			);
			path = Constants;
			sourceTree = "<group>";
		};
		5EA1C2F89F832A8E8AAF9A84 /* Supporting */ = {
			isa = PBXGroup;
			children = (
				5EA1C041490F6524A4137130 /* Assets.xcassets */,
				5EA1C7928DEBD6716CC19B1B /* Images.xcassets */,
				5EA1C1A2A8EC6688BB37A6ED /* AppDelegate.swift */,
			);
			path = Supporting;
			sourceTree = "<group>";
		};
		5EA1C3DE43EB4E91E3FED9B1 /* Types */ = {
			isa = PBXGroup;
			children = (
				5EA1C6CC8D4D295B72729B27 /* Folder.swift */,
				5EA1C72C315A99B79FEFF5B2 /* File.swift */,
				5EA1CDEE68145A02CB704C40 /* InputField.swift */,
			);
			path = Types;
			sourceTree = "<group>";
		};
		5EA1C770951C6B24947ADD6A /* AlbumScreen */ = {
			isa = PBXGroup;
			children = (
				5EA1C37C08EA671CB033C8B2 /* AlbumsCollectionViewCell.swift */,
				5EA1CE885AAC5651DE05F8E2 /* AlbumsViewController.swift */,
			);
			path = AlbumScreen;
			sourceTree = "<group>";
		};
		5EA1CA12900DD88BDD9720CB /* DetailScreen */ = {
			isa = PBXGroup;
			children = (
				5EA1CCA45139EC6AA18F0E2B /* DetailViewController.swift */,
				5EA1C746FC9A95F0C951A57C /* DetailView.swift */,
			);
			path = DetailScreen;
			sourceTree = "<group>";
		};
		5EA1CACD80C72FE0DF29537C /* LoginScreen */ = {
			isa = PBXGroup;
			children = (
				5EA1CB7772FBC3DD2DDCE7C1 /* LoginDelegate.swift */,
				5EA1CE49A0D5A6C3241422BC /* LoginViewController.swift */,
				5EA1C657D813E9907FB7DB7A /* SetPasscodeView.swift */,
				5EA1C43CC3C047F021E471FA /* SetPasscodeViewController.swift */,
			);
			path = LoginScreen;
			sourceTree = "<group>";
		};
		5EA1CB2B3C596BFF3AC89CED /* Services */ = {
			isa = PBXGroup;
			children = (
				5EA1CE4B9C00B95DE5E16999 /* FileService.swift */,
			);
			path = Services;
			sourceTree = "<group>";
		};
		5EA1CBAFB8D0E7B93C390055 /* FilesScreen */ = {
			isa = PBXGroup;
			children = (
				5EA1CA0185A5ED285F360EBF /* FilesViewController.swift */,
				5EA1C2C489D0975BBFC3EFBA /* FilesCollectionViewCell.swift */,
			);
			path = FilesScreen;
			sourceTree = "<group>";
		};
		799EB0B82131604E00D8A757 = {
			isa = PBXGroup;
			children = (
				799EB0C32131604E00D8A757 /* PicsLock */,
				799EB0D82131605100D8A757 /* PicsLockTests */,
				799EB0E32131605100D8A757 /* PicsLockUITests */,
				799EB0C22131604E00D8A757 /* Products */,
				41C1B609F8094D31FD6BF91B /* Pods */,
				4A69C3D3FC2F056066915D34 /* Frameworks */,
			);
			sourceTree = "<group>";
		};
		799EB0C22131604E00D8A757 /* Products */ = {
			isa = PBXGroup;
			children = (
				799EB0C12131604E00D8A757 /* PicsLock.app */,
				799EB0D52131605100D8A757 /* PicsLockTests.xctest */,
				799EB0E02131605100D8A757 /* PicsLockUITests.xctest */,
			);
			name = Products;
			sourceTree = "<group>";
		};
		799EB0C32131604E00D8A757 /* PicsLock */ = {
			isa = PBXGroup;
			children = (
				799EB0F82131841700D8A757 /* DEBUG-ContentCreator.swift */,
				5EA1C770951C6B24947ADD6A /* AlbumScreen */,
				5EA1C112F45421A37A41C9B9 /* Constants */,
				5EA1CACD80C72FE0DF29537C /* LoginScreen */,
				5EA1C2F89F832A8E8AAF9A84 /* Supporting */,
				5EA1C3DE43EB4E91E3FED9B1 /* Types */,
				5EA1CBAFB8D0E7B93C390055 /* FilesScreen */,
				5EA1CB2B3C596BFF3AC89CED /* Services */,
				5EA1CA12900DD88BDD9720CB /* DetailScreen */,
				5EA1C6AF55726B3D9E92F5DB /* Info.plist */,
			);
			path = PicsLock;
			sourceTree = "<group>";
		};
		799EB0D82131605100D8A757 /* PicsLockTests */ = {
			isa = PBXGroup;
			children = (
				799EB0D92131605100D8A757 /* PicsLockTests.swift */,
				799EB0F42131656100D8A757 /* AlbumsViewControllerTests.swift */,
				799EB0DB2131605100D8A757 /* Info.plist */,
			);
			path = PicsLockTests;
			sourceTree = "<group>";
		};
		799EB0E32131605100D8A757 /* PicsLockUITests */ = {
			isa = PBXGroup;
			children = (
				799EB0E42131605100D8A757 /* PicsLockUITests.swift */,
				799EB0E62131605100D8A757 /* Info.plist */,
			);
			path = PicsLockUITests;
			sourceTree = "<group>";
		};
/* End PBXGroup section */

/* Begin PBXNativeTarget section */
		799EB0C02131604E00D8A757 /* PicsLock */ = {
			isa = PBXNativeTarget;
			buildConfigurationList = 799EB0E92131605100D8A757 /* Build configuration list for PBXNativeTarget "PicsLock" */;
			buildPhases = (
				A913C8F2E6568E5549DAF60E /* [CP] Check Pods Manifest.lock */,
				799EB0BD2131604E00D8A757 /* Sources */,
				799EB0BE2131604E00D8A757 /* Frameworks */,
				799EB0BF2131604E00D8A757 /* Resources */,
				EA4748BDD5CE6DC747F35817 /* [CP] Embed Pods Frameworks */,
			);
			buildRules = (
			);
			dependencies = (
			);
			name = PicsLock;
			productName = PicsLock;
			productReference = 799EB0C12131604E00D8A757 /* PicsLock.app */;
			productType = "com.apple.product-type.application";
		};
		799EB0D42131605100D8A757 /* PicsLockTests */ = {
			isa = PBXNativeTarget;
			buildConfigurationList = 799EB0EC2131605100D8A757 /* Build configuration list for PBXNativeTarget "PicsLockTests" */;
			buildPhases = (
				282E22147229E15E554F2F90 /* [CP] Check Pods Manifest.lock */,
				799EB0D12131605100D8A757 /* Sources */,
				799EB0D22131605100D8A757 /* Frameworks */,
				799EB0D32131605100D8A757 /* Resources */,
			);
			buildRules = (
			);
			dependencies = (
				799EB0D72131605100D8A757 /* PBXTargetDependency */,
			);
			name = PicsLockTests;
			productName = PicsLockTests;
			productReference = 799EB0D52131605100D8A757 /* PicsLockTests.xctest */;
			productType = "com.apple.product-type.bundle.unit-test";
		};
		799EB0DF2131605100D8A757 /* PicsLockUITests */ = {
			isa = PBXNativeTarget;
			buildConfigurationList = 799EB0EF2131605100D8A757 /* Build configuration list for PBXNativeTarget "PicsLockUITests" */;
			buildPhases = (
				5694DE78F6DD37FDE41A72C0 /* [CP] Check Pods Manifest.lock */,
				799EB0DC2131605100D8A757 /* Sources */,
				799EB0DD2131605100D8A757 /* Frameworks */,
				799EB0DE2131605100D8A757 /* Resources */,
			);
			buildRules = (
			);
			dependencies = (
				799EB0E22131605100D8A757 /* PBXTargetDependency */,
			);
			name = PicsLockUITests;
			productName = PicsLockUITests;
			productReference = 799EB0E02131605100D8A757 /* PicsLockUITests.xctest */;
			productType = "com.apple.product-type.bundle.ui-testing";
		};
/* End PBXNativeTarget section */

/* Begin PBXProject section */
		799EB0B92131604E00D8A757 /* Project object */ = {
			isa = PBXProject;
			attributes = {
				LastSwiftUpdateCheck = 0940;
				LastUpgradeCheck = 0940;
				ORGANIZATIONNAME = "Michael Frick";
				TargetAttributes = {
					799EB0C02131604E00D8A757 = {
						CreatedOnToolsVersion = 9.4.1;
					};
					799EB0D42131605100D8A757 = {
						CreatedOnToolsVersion = 9.4.1;
						TestTargetID = 799EB0C02131604E00D8A757;
					};
					799EB0DF2131605100D8A757 = {
						CreatedOnToolsVersion = 9.4.1;
						TestTargetID = 799EB0C02131604E00D8A757;
					};
				};
			};
			buildConfigurationList = 799EB0BC2131604E00D8A757 /* Build configuration list for PBXProject "PicsLock" */;
			compatibilityVersion = "Xcode 9.3";
			developmentRegion = en;
			hasScannedForEncodings = 0;
			knownRegions = (
				en,
				Base,
			);
			mainGroup = 799EB0B82131604E00D8A757;
			productRefGroup = 799EB0C22131604E00D8A757 /* Products */;
			projectDirPath = "";
			projectRoot = "";
			targets = (
				799EB0C02131604E00D8A757 /* PicsLock */,
				799EB0D42131605100D8A757 /* PicsLockTests */,
				799EB0DF2131605100D8A757 /* PicsLockUITests */,
			);
		};
/* End PBXProject section */

/* Begin PBXResourcesBuildPhase section */
		799EB0BF2131604E00D8A757 /* Resources */ = {
			isa = PBXResourcesBuildPhase;
			buildActionMask = 2147483647;
			files = (
				5EA1C798993BDA5611DD6318 /* Assets.xcassets in Resources */,
				5EA1C007CF3FCC3F6671D1E8 /* Images.xcassets in Resources */,
			);
			runOnlyForDeploymentPostprocessing = 0;
		};
		799EB0D32131605100D8A757 /* Resources */ = {
			isa = PBXResourcesBuildPhase;
			buildActionMask = 2147483647;
			files = (
			);
			runOnlyForDeploymentPostprocessing = 0;
		};
		799EB0DE2131605100D8A757 /* Resources */ = {
			isa = PBXResourcesBuildPhase;
			buildActionMask = 2147483647;
			files = (
			);
			runOnlyForDeploymentPostprocessing = 0;
		};
/* End PBXResourcesBuildPhase section */

/* Begin PBXShellScriptBuildPhase section */
		282E22147229E15E554F2F90 /* [CP] Check Pods Manifest.lock */ = {
			isa = PBXShellScriptBuildPhase;
			buildActionMask = 2147483647;
			files = (
			);
			inputPaths = (
				"${PODS_PODFILE_DIR_PATH}/Podfile.lock",
				"${PODS_ROOT}/Manifest.lock",
			);
			name = "[CP] Check Pods Manifest.lock";
			outputPaths = (
				"$(DERIVED_FILE_DIR)/Pods-PicsLockTests-checkManifestLockResult.txt",
			);
			runOnlyForDeploymentPostprocessing = 0;
			shellPath = /bin/sh;
			shellScript = "diff \"${PODS_PODFILE_DIR_PATH}/Podfile.lock\" \"${PODS_ROOT}/Manifest.lock\" > /dev/null\nif [ $? != 0 ] ; then\n    # print error to STDERR\n    echo \"error: The sandbox is not in sync with the Podfile.lock. Run 'pod install' or update your CocoaPods installation.\" >&2\n    exit 1\nfi\n# This output is used by Xcode 'outputs' to avoid re-running this script phase.\necho \"SUCCESS\" > \"${SCRIPT_OUTPUT_FILE_0}\"\n";
			showEnvVarsInLog = 0;
		};
		5694DE78F6DD37FDE41A72C0 /* [CP] Check Pods Manifest.lock */ = {
			isa = PBXShellScriptBuildPhase;
			buildActionMask = 2147483647;
			files = (
			);
			inputPaths = (
				"${PODS_PODFILE_DIR_PATH}/Podfile.lock",
				"${PODS_ROOT}/Manifest.lock",
			);
			name = "[CP] Check Pods Manifest.lock";
			outputPaths = (
				"$(DERIVED_FILE_DIR)/Pods-PicsLockUITests-checkManifestLockResult.txt",
			);
			runOnlyForDeploymentPostprocessing = 0;
			shellPath = /bin/sh;
			shellScript = "diff \"${PODS_PODFILE_DIR_PATH}/Podfile.lock\" \"${PODS_ROOT}/Manifest.lock\" > /dev/null\nif [ $? != 0 ] ; then\n    # print error to STDERR\n    echo \"error: The sandbox is not in sync with the Podfile.lock. Run 'pod install' or update your CocoaPods installation.\" >&2\n    exit 1\nfi\n# This output is used by Xcode 'outputs' to avoid re-running this script phase.\necho \"SUCCESS\" > \"${SCRIPT_OUTPUT_FILE_0}\"\n";
			showEnvVarsInLog = 0;
		};
		A913C8F2E6568E5549DAF60E /* [CP] Check Pods Manifest.lock */ = {
			isa = PBXShellScriptBuildPhase;
			buildActionMask = 2147483647;
			files = (
			);
			inputPaths = (
				"${PODS_PODFILE_DIR_PATH}/Podfile.lock",
				"${PODS_ROOT}/Manifest.lock",
			);
			name = "[CP] Check Pods Manifest.lock";
			outputPaths = (
				"$(DERIVED_FILE_DIR)/Pods-PicsLock-checkManifestLockResult.txt",
			);
			runOnlyForDeploymentPostprocessing = 0;
			shellPath = /bin/sh;
			shellScript = "diff \"${PODS_PODFILE_DIR_PATH}/Podfile.lock\" \"${PODS_ROOT}/Manifest.lock\" > /dev/null\nif [ $? != 0 ] ; then\n    # print error to STDERR\n    echo \"error: The sandbox is not in sync with the Podfile.lock. Run 'pod install' or update your CocoaPods installation.\" >&2\n    exit 1\nfi\n# This output is used by Xcode 'outputs' to avoid re-running this script phase.\necho \"SUCCESS\" > \"${SCRIPT_OUTPUT_FILE_0}\"\n";
			showEnvVarsInLog = 0;
		};
		EA4748BDD5CE6DC747F35817 /* [CP] Embed Pods Frameworks */ = {
			isa = PBXShellScriptBuildPhase;
			buildActionMask = 2147483647;
			files = (
			);
			inputPaths = (
				"${SRCROOT}/Pods/Target Support Files/Pods-PicsLock/Pods-PicsLock-frameworks.sh",
				"${BUILT_PRODUCTS_DIR}/CryptoSwift/CryptoSwift.framework",
				"${BUILT_PRODUCTS_DIR}/ZoomImageView/ZoomImageView.framework",
			);
			name = "[CP] Embed Pods Frameworks";
			outputPaths = (
				"${TARGET_BUILD_DIR}/${FRAMEWORKS_FOLDER_PATH}/CryptoSwift.framework",
				"${TARGET_BUILD_DIR}/${FRAMEWORKS_FOLDER_PATH}/ZoomImageView.framework",
			);
			runOnlyForDeploymentPostprocessing = 0;
			shellPath = /bin/sh;
			shellScript = "\"${SRCROOT}/Pods/Target Support Files/Pods-PicsLock/Pods-PicsLock-frameworks.sh\"\n";
			showEnvVarsInLog = 0;
		};
/* End PBXShellScriptBuildPhase section */

/* Begin PBXSourcesBuildPhase section */
		799EB0BD2131604E00D8A757 /* Sources */ = {
			isa = PBXSourcesBuildPhase;
			buildActionMask = 2147483647;
			files = (
				799EB0F92131841700D8A757 /* DEBUG-ContentCreator.swift in Sources */,
				5EA1C81B83C5996F2BF4D308 /* AlbumsCollectionViewCell.swift in Sources */,
				5EA1C1EB775B4B3FF22C29DB /* AlbumsViewController.swift in Sources */,
				5EA1C20349E73A70AB1C3519 /* Color.swift in Sources */,
				5EA1C3AF73959DE6F77A9A67 /* Font.swift in Sources */,
				5EA1C9ED782656E3EE239C23 /* LoginDelegate.swift in Sources */,
				5EA1CF60372C5CDB04768FB0 /* LoginViewController.swift in Sources */,
				5EA1C7091B840ACBD7F77C94 /* SetPasscodeView.swift in Sources */,
				5EA1CC8C4DE19338D32A8465 /* SetPasscodeViewController.swift in Sources */,
				5EA1CB14D7C62792BCD7212E /* AppDelegate.swift in Sources */,
				5EA1C4962BCBB4F8403EB312 /* Folder.swift in Sources */,
				5EA1CB093C8D058F7FD22F09 /* File.swift in Sources */,
				5EA1CC35F1A3D2971A321A5E /* FilesViewController.swift in Sources */,
				5EA1C5F590A8BC55CE5F83E3 /* FilesCollectionViewCell.swift in Sources */,
				5EA1C1F010C69750F2A6E973 /* InputField.swift in Sources */,
				5EA1C6A2C5D8C900B046394E /* FileService.swift in Sources */,
				5EA1CE7C4AF04E7483D7B84E /* DetailViewController.swift in Sources */,
				5EA1CE692D30DC44899ECD07 /* DetailView.swift in Sources */,
			);
			runOnlyForDeploymentPostprocessing = 0;
		};
		799EB0D12131605100D8A757 /* Sources */ = {
			isa = PBXSourcesBuildPhase;
			buildActionMask = 2147483647;
			files = (
				799EB0F52131656100D8A757 /* AlbumsViewControllerTests.swift in Sources */,
				799EB0DA2131605100D8A757 /* PicsLockTests.swift in Sources */,
			);
			runOnlyForDeploymentPostprocessing = 0;
		};
		799EB0DC2131605100D8A757 /* Sources */ = {
			isa = PBXSourcesBuildPhase;
			buildActionMask = 2147483647;
			files = (
				799EB0E52131605100D8A757 /* PicsLockUITests.swift in Sources */,
			);
			runOnlyForDeploymentPostprocessing = 0;
		};
/* End PBXSourcesBuildPhase section */

/* Begin PBXTargetDependency section */
		799EB0D72131605100D8A757 /* PBXTargetDependency */ = {
			isa = PBXTargetDependency;
			target = 799EB0C02131604E00D8A757 /* PicsLock */;
			targetProxy = 799EB0D62131605100D8A757 /* PBXContainerItemProxy */;
		};
		799EB0E22131605100D8A757 /* PBXTargetDependency */ = {
			isa = PBXTargetDependency;
			target = 799EB0C02131604E00D8A757 /* PicsLock */;
			targetProxy = 799EB0E12131605100D8A757 /* PBXContainerItemProxy */;
		};
/* End PBXTargetDependency section */

/* Begin XCBuildConfiguration section */
		799EB0E72131605100D8A757 /* Debug */ = {
			isa = XCBuildConfiguration;
			buildSettings = {
				ALWAYS_SEARCH_USER_PATHS = NO;
				CLANG_ANALYZER_NONNULL = YES;
				CLANG_ANALYZER_NUMBER_OBJECT_CONVERSION = YES_AGGRESSIVE;
				CLANG_CXX_LANGUAGE_STANDARD = "gnu++14";
				CLANG_CXX_LIBRARY = "libc++";
				CLANG_ENABLE_MODULES = YES;
				CLANG_ENABLE_OBJC_ARC = YES;
				CLANG_ENABLE_OBJC_WEAK = YES;
				CLANG_WARN_BLOCK_CAPTURE_AUTORELEASING = YES;
				CLANG_WARN_BOOL_CONVERSION = YES;
				CLANG_WARN_COMMA = YES;
				CLANG_WARN_CONSTANT_CONVERSION = YES;
				CLANG_WARN_DEPRECATED_OBJC_IMPLEMENTATIONS = YES;
				CLANG_WARN_DIRECT_OBJC_ISA_USAGE = YES_ERROR;
				CLANG_WARN_DOCUMENTATION_COMMENTS = YES;
				CLANG_WARN_EMPTY_BODY = YES;
				CLANG_WARN_ENUM_CONVERSION = YES;
				CLANG_WARN_INFINITE_RECURSION = YES;
				CLANG_WARN_INT_CONVERSION = YES;
				CLANG_WARN_NON_LITERAL_NULL_CONVERSION = YES;
				CLANG_WARN_OBJC_IMPLICIT_RETAIN_SELF = YES;
				CLANG_WARN_OBJC_LITERAL_CONVERSION = YES;
				CLANG_WARN_OBJC_ROOT_CLASS = YES_ERROR;
				CLANG_WARN_RANGE_LOOP_ANALYSIS = YES;
				CLANG_WARN_STRICT_PROTOTYPES = YES;
				CLANG_WARN_SUSPICIOUS_MOVE = YES;
				CLANG_WARN_UNGUARDED_AVAILABILITY = YES_AGGRESSIVE;
				CLANG_WARN_UNREACHABLE_CODE = YES;
				CLANG_WARN__DUPLICATE_METHOD_MATCH = YES;
				CODE_SIGN_IDENTITY = "iPhone Developer";
				COPY_PHASE_STRIP = NO;
				DEBUG_INFORMATION_FORMAT = dwarf;
				ENABLE_STRICT_OBJC_MSGSEND = YES;
				ENABLE_TESTABILITY = YES;
				GCC_C_LANGUAGE_STANDARD = gnu11;
				GCC_DYNAMIC_NO_PIC = NO;
				GCC_NO_COMMON_BLOCKS = YES;
				GCC_OPTIMIZATION_LEVEL = 0;
				GCC_PREPROCESSOR_DEFINITIONS = (
					"DEBUG=1",
					"$(inherited)",
				);
				GCC_WARN_64_TO_32_BIT_CONVERSION = YES;
				GCC_WARN_ABOUT_RETURN_TYPE = YES_ERROR;
				GCC_WARN_UNDECLARED_SELECTOR = YES;
				GCC_WARN_UNINITIALIZED_AUTOS = YES_AGGRESSIVE;
				GCC_WARN_UNUSED_FUNCTION = YES;
				GCC_WARN_UNUSED_VARIABLE = YES;
				IPHONEOS_DEPLOYMENT_TARGET = 11.4;
				MTL_ENABLE_DEBUG_INFO = YES;
				ONLY_ACTIVE_ARCH = YES;
				SDKROOT = iphoneos;
				SWIFT_ACTIVE_COMPILATION_CONDITIONS = DEBUG;
				SWIFT_OPTIMIZATION_LEVEL = "-Onone";
			};
			name = Debug;
		};
		799EB0E82131605100D8A757 /* Release */ = {
			isa = XCBuildConfiguration;
			buildSettings = {
				ALWAYS_SEARCH_USER_PATHS = NO;
				CLANG_ANALYZER_NONNULL = YES;
				CLANG_ANALYZER_NUMBER_OBJECT_CONVERSION = YES_AGGRESSIVE;
				CLANG_CXX_LANGUAGE_STANDARD = "gnu++14";
				CLANG_CXX_LIBRARY = "libc++";
				CLANG_ENABLE_MODULES = YES;
				CLANG_ENABLE_OBJC_ARC = YES;
				CLANG_ENABLE_OBJC_WEAK = YES;
				CLANG_WARN_BLOCK_CAPTURE_AUTORELEASING = YES;
				CLANG_WARN_BOOL_CONVERSION = YES;
				CLANG_WARN_COMMA = YES;
				CLANG_WARN_CONSTANT_CONVERSION = YES;
				CLANG_WARN_DEPRECATED_OBJC_IMPLEMENTATIONS = YES;
				CLANG_WARN_DIRECT_OBJC_ISA_USAGE = YES_ERROR;
				CLANG_WARN_DOCUMENTATION_COMMENTS = YES;
				CLANG_WARN_EMPTY_BODY = YES;
				CLANG_WARN_ENUM_CONVERSION = YES;
				CLANG_WARN_INFINITE_RECURSION = YES;
				CLANG_WARN_INT_CONVERSION = YES;
				CLANG_WARN_NON_LITERAL_NULL_CONVERSION = YES;
				CLANG_WARN_OBJC_IMPLICIT_RETAIN_SELF = YES;
				CLANG_WARN_OBJC_LITERAL_CONVERSION = YES;
				CLANG_WARN_OBJC_ROOT_CLASS = YES_ERROR;
				CLANG_WARN_RANGE_LOOP_ANALYSIS = YES;
				CLANG_WARN_STRICT_PROTOTYPES = YES;
				CLANG_WARN_SUSPICIOUS_MOVE = YES;
				CLANG_WARN_UNGUARDED_AVAILABILITY = YES_AGGRESSIVE;
				CLANG_WARN_UNREACHABLE_CODE = YES;
				CLANG_WARN__DUPLICATE_METHOD_MATCH = YES;
				CODE_SIGN_IDENTITY = "iPhone Developer";
				COPY_PHASE_STRIP = NO;
				DEBUG_INFORMATION_FORMAT = "dwarf-with-dsym";
				ENABLE_NS_ASSERTIONS = NO;
				ENABLE_STRICT_OBJC_MSGSEND = YES;
				GCC_C_LANGUAGE_STANDARD = gnu11;
				GCC_NO_COMMON_BLOCKS = YES;
				GCC_WARN_64_TO_32_BIT_CONVERSION = YES;
				GCC_WARN_ABOUT_RETURN_TYPE = YES_ERROR;
				GCC_WARN_UNDECLARED_SELECTOR = YES;
				GCC_WARN_UNINITIALIZED_AUTOS = YES_AGGRESSIVE;
				GCC_WARN_UNUSED_FUNCTION = YES;
				GCC_WARN_UNUSED_VARIABLE = YES;
				IPHONEOS_DEPLOYMENT_TARGET = 11.4;
				MTL_ENABLE_DEBUG_INFO = NO;
				SDKROOT = iphoneos;
				SWIFT_COMPILATION_MODE = wholemodule;
				SWIFT_OPTIMIZATION_LEVEL = "-O";
				VALIDATE_PRODUCT = YES;
			};
			name = Release;
		};
		799EB0EA2131605100D8A757 /* Debug */ = {
			isa = XCBuildConfiguration;
			baseConfigurationReference = 83BAB5F4C5CE4B00B61EE209 /* Pods-PicsLock.debug.xcconfig */;
			buildSettings = {
				ASSETCATALOG_COMPILER_APPICON_NAME = AppIcon;
				ASSETCATALOG_COMPILER_LAUNCHIMAGE_NAME = LaunchImage;
				CODE_SIGN_STYLE = Automatic;
				DEVELOPMENT_TEAM = 9R94XJAZ89;
				INFOPLIST_FILE = PicsLock/Info.plist;
				LD_RUNPATH_SEARCH_PATHS = (
					"$(inherited)",
					"@executable_path/Frameworks",
				);
				PRODUCT_BUNDLE_IDENTIFIER = m.PicsLock;
				PRODUCT_NAME = "$(TARGET_NAME)";
				SWIFT_VERSION = 4.0;
				TARGETED_DEVICE_FAMILY = 1;
			};
			name = Debug;
		};
		799EB0EB2131605100D8A757 /* Release */ = {
			isa = XCBuildConfiguration;
			baseConfigurationReference = F034B497011E9DF4C7CEEC67 /* Pods-PicsLock.release.xcconfig */;
			buildSettings = {
				ASSETCATALOG_COMPILER_APPICON_NAME = AppIcon;
				ASSETCATALOG_COMPILER_LAUNCHIMAGE_NAME = LaunchImage;
				CODE_SIGN_STYLE = Automatic;
				DEVELOPMENT_TEAM = 9R94XJAZ89;
				INFOPLIST_FILE = PicsLock/Info.plist;
				LD_RUNPATH_SEARCH_PATHS = (
					"$(inherited)",
					"@executable_path/Frameworks",
				);
				PRODUCT_BUNDLE_IDENTIFIER = m.PicsLock;
				PRODUCT_NAME = "$(TARGET_NAME)";
				SWIFT_VERSION = 4.0;
				TARGETED_DEVICE_FAMILY = 1;
			};
			name = Release;
		};
		799EB0ED2131605100D8A757 /* Debug */ = {
			isa = XCBuildConfiguration;
			baseConfigurationReference = 8353A87A20C14D5099E98CEC /* Pods-PicsLockTests.debug.xcconfig */;
			buildSettings = {
				ALWAYS_EMBED_SWIFT_STANDARD_LIBRARIES = YES;
				BUNDLE_LOADER = "$(TEST_HOST)";
				CODE_SIGN_STYLE = Automatic;
				DEVELOPMENT_TEAM = 9R94XJAZ89;
				INFOPLIST_FILE = PicsLockTests/Info.plist;
				LD_RUNPATH_SEARCH_PATHS = (
					"$(inherited)",
					"@executable_path/Frameworks",
					"@loader_path/Frameworks",
				);
				PRODUCT_BUNDLE_IDENTIFIER = m.PicsLockTests;
				PRODUCT_NAME = "$(TARGET_NAME)";
				SWIFT_VERSION = 4.0;
				TARGETED_DEVICE_FAMILY = "1,2";
				TEST_HOST = "$(BUILT_PRODUCTS_DIR)/PicsLock.app/PicsLock";
			};
			name = Debug;
		};
		799EB0EE2131605100D8A757 /* Release */ = {
			isa = XCBuildConfiguration;
			baseConfigurationReference = 5FBDE579901C334C19CC8A73 /* Pods-PicsLockTests.release.xcconfig */;
			buildSettings = {
				ALWAYS_EMBED_SWIFT_STANDARD_LIBRARIES = YES;
				BUNDLE_LOADER = "$(TEST_HOST)";
				CODE_SIGN_STYLE = Automatic;
				DEVELOPMENT_TEAM = 9R94XJAZ89;
				INFOPLIST_FILE = PicsLockTests/Info.plist;
				LD_RUNPATH_SEARCH_PATHS = (
					"$(inherited)",
					"@executable_path/Frameworks",
					"@loader_path/Frameworks",
				);
				PRODUCT_BUNDLE_IDENTIFIER = m.PicsLockTests;
				PRODUCT_NAME = "$(TARGET_NAME)";
				SWIFT_VERSION = 4.0;
				TARGETED_DEVICE_FAMILY = "1,2";
				TEST_HOST = "$(BUILT_PRODUCTS_DIR)/PicsLock.app/PicsLock";
			};
			name = Release;
		};
		799EB0F02131605100D8A757 /* Debug */ = {
			isa = XCBuildConfiguration;
			baseConfigurationReference = D3985881F79B4BC3E3A667AB /* Pods-PicsLockUITests.debug.xcconfig */;
			buildSettings = {
				ALWAYS_EMBED_SWIFT_STANDARD_LIBRARIES = YES;
				CODE_SIGN_STYLE = Automatic;
				DEVELOPMENT_TEAM = 9R94XJAZ89;
				INFOPLIST_FILE = PicsLockUITests/Info.plist;
				LD_RUNPATH_SEARCH_PATHS = (
					"$(inherited)",
					"@executable_path/Frameworks",
					"@loader_path/Frameworks",
				);
				PRODUCT_BUNDLE_IDENTIFIER = m.PicsLockUITests;
				PRODUCT_NAME = "$(TARGET_NAME)";
				SWIFT_VERSION = 4.0;
				TARGETED_DEVICE_FAMILY = "1,2";
				TEST_TARGET_NAME = PicsLock;
			};
			name = Debug;
		};
		799EB0F12131605100D8A757 /* Release */ = {
			isa = XCBuildConfiguration;
			baseConfigurationReference = AFC787A9E46D3E34ECA719AD /* Pods-PicsLockUITests.release.xcconfig */;
			buildSettings = {
				ALWAYS_EMBED_SWIFT_STANDARD_LIBRARIES = YES;
				CODE_SIGN_STYLE = Automatic;
				DEVELOPMENT_TEAM = 9R94XJAZ89;
				INFOPLIST_FILE = PicsLockUITests/Info.plist;
				LD_RUNPATH_SEARCH_PATHS = (
					"$(inherited)",
					"@executable_path/Frameworks",
					"@loader_path/Frameworks",
				);
				PRODUCT_BUNDLE_IDENTIFIER = m.PicsLockUITests;
				PRODUCT_NAME = "$(TARGET_NAME)";
				SWIFT_VERSION = 4.0;
				TARGETED_DEVICE_FAMILY = "1,2";
				TEST_TARGET_NAME = PicsLock;
			};
			name = Release;
		};
/* End XCBuildConfiguration section */

/* Begin XCConfigurationList section */
		799EB0BC2131604E00D8A757 /* Build configuration list for PBXProject "PicsLock" */ = {
			isa = XCConfigurationList;
			buildConfigurations = (
				799EB0E72131605100D8A757 /* Debug */,
				799EB0E82131605100D8A757 /* Release */,
			);
			defaultConfigurationIsVisible = 0;
			defaultConfigurationName = Release;
		};
		799EB0E92131605100D8A757 /* Build configuration list for PBXNativeTarget "PicsLock" */ = {
			isa = XCConfigurationList;
			buildConfigurations = (
				799EB0EA2131605100D8A757 /* Debug */,
				799EB0EB2131605100D8A757 /* Release */,
			);
			defaultConfigurationIsVisible = 0;
			defaultConfigurationName = Release;
		};
		799EB0EC2131605100D8A757 /* Build configuration list for PBXNativeTarget "PicsLockTests" */ = {
			isa = XCConfigurationList;
			buildConfigurations = (
				799EB0ED2131605100D8A757 /* Debug */,
				799EB0EE2131605100D8A757 /* Release */,
			);
			defaultConfigurationIsVisible = 0;
			defaultConfigurationName = Release;
		};
		799EB0EF2131605100D8A757 /* Build configuration list for PBXNativeTarget "PicsLockUITests" */ = {
			isa = XCConfigurationList;
			buildConfigurations = (
				799EB0F02131605100D8A757 /* Debug */,
				799EB0F12131605100D8A757 /* Release */,
			);
			defaultConfigurationIsVisible = 0;
			defaultConfigurationName = Release;
		};
/* End XCConfigurationList section */
	};
	rootObject = 799EB0B92131604E00D8A757 /* Project object */;
}
